# This file was autogenerated by Stack.
# You should not edit this file by hand.
# For more information, please see the documentation at:
#   https://docs.haskellstack.org/en/stable/lock_files

packages:
- completed:
    hackage: aeson-1.4.7.1@sha256:6d8d2fd959b7122a1df9389cf4eca30420a053d67289f92cdc0dbc0dab3530ba,7098
    pantry-tree:
      size: 40133
      sha256: caa9306e519c601ab0170d113daa03c1163db53e5466be2968bbd61a771bebcb
  original:
    hackage: aeson-1.4.7.1
- completed:
    hackage: aws-lambda-haskell-runtime-3.0.0@sha256:1de27f1a3bdb85da3ebbc8a4f424c70fc72015c25cd22b13b79f4fa8dace30ff,3015
    pantry-tree:
      size: 1560
      sha256: ce4852719b9a5e22d4d050b2e55a3e8b93a411e1ecf97d3a87ee46c705262f00
  original:
    hackage: aws-lambda-haskell-runtime-3.0.0
- completed:
    hackage: hspec-2.7.1@sha256:0aa48928ce80a34f8ff8c5ef114bb6807edfb8d884bcd7211eceed710e7fb7a8,1769
    pantry-tree:
      size: 532
      sha256: 8128733a7ef4760bbe5d978f2145fdcb29f4491b17db11e8c05b409441ceecb4
  original:
    hackage: hspec-2.7.1
- completed:
    hackage: hspec-discover-2.7.1@sha256:e8ce36741c06b41de58069814a7d3b7314bdeaab35ae573e3c924739011e0c29,2243
    pantry-tree:
      size: 1080
      sha256: 2d1c4ccbd0c9047311d1bd24989714df844003c258964ef65d542f6627dc0fed
  original:
    hackage: hspec-discover-2.7.1
- completed:
    hackage: unicode-show-0.1.0.4@sha256:6c480cc37ac152b4cc8725194cd22e27d80a943bf0076d19c8ad7272b2edc886,1599
    pantry-tree:
      size: 274
      sha256: 7ddaab1ad0a7ae7d0db561a6e758626e6f2be8979f349efe6fabdbd038348704
  original:
    hackage: unicode-show-0.1.0.4
- completed:
    hackage: split-0.2.3.4@sha256:bad9bfc9e8e0aca4ac1f7b3a2767ee6b1c199d4a1b6960db5cc3d7674aee5d73,2564
    pantry-tree:
      size: 439
      sha256: d931baa404f6867a23ed342c11ef27613227a7a82ba2324f95da184fffad0bd9
  original:
    hackage: split-0.2.3.4
snapshots:
- completed:
    size: 496120
    url: https://raw.githubusercontent.com/commercialhaskell/stackage-snapshots/master/lts/15/16.yaml
    sha256: cf30623a2c147f51eecc8f9d6440f5d1b671af21380505e633faff32b565f3d5
  original: lts-15.16
